
Microsoft Visual Studio Solution File, Format Version 12.00
# Visual Studio Version 17
VisualStudioVersion = 17.8.34525.116
MinimumVisualStudioVersion = 10.0.40219.1
Project("{FAE04EC0-301F-11D3-BF4B-00C04F79EFBC}") = "Week2", "Week2\Week2.csproj", "{EFC2A749-79B0-4627-A3E1-0B4621A11C21}"
EndProject
Project("{FAE04EC0-301F-11D3-BF4B-00C04F79EFBC}") = "UserGenderValidation", "UserAgeValidation\UserGenderValidation.csproj", "{359D4A8F-7C11-464E-AE3A-CC70154B929D}"
EndProject
Project("{FAE04EC0-301F-11D3-BF4B-00C04F79EFBC}") = "UserAgeValidation1", "UserAgeValidation1\UserAgeValidation1.csproj", "{0AF36538-D834-4897-A35F-856F03D3434C}"
EndProject
Global
	GlobalSection(SolutionConfigurationPlatforms) = preSolution
		Debug|Any CPU = Debug|Any CPU
		Release|Any CPU = Release|Any CPU
	EndGlobalSection
	GlobalSection(ProjectConfigurationPlatforms) = postSolution
		{EFC2A749-79B0-4627-A3E1-0B4621A11C21}.Debug|Any CPU.ActiveCfg = Debug|Any CPU
		{EFC2A749-79B0-4627-A3E1-0B4621A11C21}.Debug|Any CPU.Build.0 = Debug|Any CPU
		{EFC2A749-79B0-4627-A3E1-0B4621A11C21}.Release|Any CPU.ActiveCfg = Release|Any CPU
		{EFC2A749-79B0-4627-A3E1-0B4621A11C21}.Release|Any CPU.Build.0 = Release|Any CPU
		{359D4A8F-7C11-464E-AE3A-CC70154B929D}.Debug|Any CPU.ActiveCfg = Debug|Any CPU
		{359D4A8F-7C11-464E-AE3A-CC70154B929D}.Debug|Any CPU.Build.0 = Debug|Any CPU
		{359D4A8F-7C11-464E-AE3A-CC70154B929D}.Release|Any CPU.ActiveCfg = Release|Any CPU
		{359D4A8F-7C11-464E-AE3A-CC70154B929D}.Release|Any CPU.Build.0 = Release|Any CPU
		{0AF36538-D834-4897-A35F-856F03D3434C}.Debug|Any CPU.ActiveCfg = Debug|Any CPU
		{0AF36538-D834-4897-A35F-856F03D3434C}.Debug|Any CPU.Build.0 = Debug|Any CPU
		{0AF36538-D834-4897-A35F-856F03D3434C}.Release|Any CPU.ActiveCfg = Release|Any CPU
		{0AF36538-D834-4897-A35F-856F03D3434C}.Release|Any CPU.Build.0 = Release|Any CPU
	EndGlobalSection
	GlobalSection(SolutionProperties) = preSolution
		HideSolutionNode = FALSE
	EndGlobalSection
	GlobalSection(ExtensibilityGlobals) = postSolution
		SolutionGuid = {4B2E3333-3682-4A03-89FE-8C29108DBA49}
	EndGlobalSection
EndGlobal
